
Microsoft Visual Studio Solution File, Format Version 12.00
# Visual Studio Version 17
VisualStudioVersion = 17.0.31903.59
MinimumVisualStudioVersion = 10.0.40219.1
Project("{FAE04EC0-301F-11D3-BF4B-00C04F79EFBC}") = "Domain", "Domain\Domain.csproj", "{E1C50197-A6DA-4208-A00E-1BF0B5882133}"
EndProject
Project("{FAE04EC0-301F-11D3-BF4B-00C04F79EFBC}") = "Infrastructure", "Infrastructure\Infrastructure.csproj", "{FCECC04E-DE79-4362-9015-4CF8D40A7C65}"
EndProject
Project("{FAE04EC0-301F-11D3-BF4B-00C04F79EFBC}") = "WebAPI", "WebAPI\WebAPI.csproj", "{8196CA31-DDD7-4006-8317-069B2C20999C}"
EndProject
Global
	GlobalSection(SolutionConfigurationPlatforms) = preSolution
		Debug|Any CPU = Debug|Any CPU
		Release|Any CPU = Release|Any CPU
	EndGlobalSection
	GlobalSection(SolutionProperties) = preSolution
		HideSolutionNode = FALSE
	EndGlobalSection
	GlobalSection(ProjectConfigurationPlatforms) = postSolution
		{E1C50197-A6DA-4208-A00E-1BF0B5882133}.Debug|Any CPU.ActiveCfg = Debug|Any CPU
		{E1C50197-A6DA-4208-A00E-1BF0B5882133}.Debug|Any CPU.Build.0 = Debug|Any CPU
		{E1C50197-A6DA-4208-A00E-1BF0B5882133}.Release|Any CPU.ActiveCfg = Release|Any CPU
		{E1C50197-A6DA-4208-A00E-1BF0B5882133}.Release|Any CPU.Build.0 = Release|Any CPU
		{FCECC04E-DE79-4362-9015-4CF8D40A7C65}.Debug|Any CPU.ActiveCfg = Debug|Any CPU
		{FCECC04E-DE79-4362-9015-4CF8D40A7C65}.Debug|Any CPU.Build.0 = Debug|Any CPU
		{FCECC04E-DE79-4362-9015-4CF8D40A7C65}.Release|Any CPU.ActiveCfg = Release|Any CPU
		{FCECC04E-DE79-4362-9015-4CF8D40A7C65}.Release|Any CPU.Build.0 = Release|Any CPU
		{8196CA31-DDD7-4006-8317-069B2C20999C}.Debug|Any CPU.ActiveCfg = Debug|Any CPU
		{8196CA31-DDD7-4006-8317-069B2C20999C}.Debug|Any CPU.Build.0 = Debug|Any CPU
		{8196CA31-DDD7-4006-8317-069B2C20999C}.Release|Any CPU.ActiveCfg = Release|Any CPU
		{8196CA31-DDD7-4006-8317-069B2C20999C}.Release|Any CPU.Build.0 = Release|Any CPU
	EndGlobalSection
EndGlobal
